// !$*UTF8*$!
{
	archiveVersion = 1;
	classes = {
	};
	objectVersion = 56;
	objects = {

/* Begin PBXBuildFile section */
		151CA6912981379C0095D8DC /* BaseChamiponImage.swift in Sources */ = {isa = PBXBuildFile; fileRef = 151CA6902981379C0095D8DC /* BaseChamiponImage.swift */; };
		151CA69329813AEB0095D8DC /* CircleChampionImage.swift in Sources */ = {isa = PBXBuildFile; fileRef = 151CA69229813AEB0095D8DC /* CircleChampionImage.swift */; };
		151CA69529813DB50095D8DC /* RecordCell.swift in Sources */ = {isa = PBXBuildFile; fileRef = 151CA69429813DB40095D8DC /* RecordCell.swift */; };
		151EAEA4296683BF00322ACE /* StringExtension.swift in Sources */ = {isa = PBXBuildFile; fileRef = 151EAEA3296683BF00322ACE /* StringExtension.swift */; };
		151EAEA7296687DA00322ACE /* StringExntensionTests.swift in Sources */ = {isa = PBXBuildFile; fileRef = 151EAEA6296687DA00322ACE /* StringExntensionTests.swift */; };
		152292E4298E55010070B023 /* DropDown.swift in Sources */ = {isa = PBXBuildFile; fileRef = 152292E3298E55010070B023 /* DropDown.swift */; };
		152292E7298E55CC0070B023 /* ProfileHeader.swift in Sources */ = {isa = PBXBuildFile; fileRef = 152292E6298E55CC0070B023 /* ProfileHeader.swift */; };
		1526DD042980011E00340069 /* Copyable.swift in Sources */ = {isa = PBXBuildFile; fileRef = 1526DD032980011E00340069 /* Copyable.swift */; };
		1526DD062980016D00340069 /* CDSummoner + Extension.swift in Sources */ = {isa = PBXBuildFile; fileRef = 1526DD052980016D00340069 /* CDSummoner + Extension.swift */; };
		1526DD082980024500340069 /* CDMatch + Extension.swift in Sources */ = {isa = PBXBuildFile; fileRef = 1526DD072980024500340069 /* CDMatch + Extension.swift */; };
		15298C98296C8FEF005FC900 /* champ.json in Resources */ = {isa = PBXBuildFile; fileRef = 15298C97296C8FEF005FC900 /* champ.json */; };
		15298C9A296C9002005FC900 /* Champion.swift in Sources */ = {isa = PBXBuildFile; fileRef = 15298C99296C9002005FC900 /* Champion.swift */; };
		152FBE63296D255600B082C7 /* MatchV5Service.swift in Sources */ = {isa = PBXBuildFile; fileRef = 152FBE62296D255600B082C7 /* MatchV5Service.swift */; };
		152FBE65296D275E00B082C7 /* ParticipantDTO.swift in Sources */ = {isa = PBXBuildFile; fileRef = 152FBE64296D275E00B082C7 /* ParticipantDTO.swift */; };
		152FBE67296D2A5000B082C7 /* MetadataDTO.swift in Sources */ = {isa = PBXBuildFile; fileRef = 152FBE66296D2A5000B082C7 /* MetadataDTO.swift */; };
		152FBE69296D2AB800B082C7 /* InfoDTO.swift in Sources */ = {isa = PBXBuildFile; fileRef = 152FBE68296D2AB800B082C7 /* InfoDTO.swift */; };
		152FBE6B296D2B0100B082C7 /* BanDTO.swift in Sources */ = {isa = PBXBuildFile; fileRef = 152FBE6A296D2B0100B082C7 /* BanDTO.swift */; };
		152FBE6D296D2B6B00B082C7 /* TeamDTO.swift in Sources */ = {isa = PBXBuildFile; fileRef = 152FBE6C296D2B6B00B082C7 /* TeamDTO.swift */; };
		152FBE6F296D2BA400B082C7 /* ObjectivesDTO.swift in Sources */ = {isa = PBXBuildFile; fileRef = 152FBE6E296D2BA400B082C7 /* ObjectivesDTO.swift */; };
		152FBE71296D2C9600B082C7 /* PerksDTO.swift in Sources */ = {isa = PBXBuildFile; fileRef = 152FBE70296D2C9600B082C7 /* PerksDTO.swift */; };
		152FBE73296D2D9800B082C7 /* MatchDTO.swift in Sources */ = {isa = PBXBuildFile; fileRef = 152FBE72296D2D9800B082C7 /* MatchDTO.swift */; };
		1534E75729AC9027007B1874 /* RecordStrategy.swift in Sources */ = {isa = PBXBuildFile; fileRef = 1534E75629AC9027007B1874 /* RecordStrategy.swift */; };
		1534E75929AC904C007B1874 /* MyRecordStrategy.swift in Sources */ = {isa = PBXBuildFile; fileRef = 1534E75829AC904C007B1874 /* MyRecordStrategy.swift */; };
		1534E75C29AC90C9007B1874 /* RivalCounterReordStrategy.swift in Sources */ = {isa = PBXBuildFile; fileRef = 1534E75B29AC90C9007B1874 /* RivalCounterReordStrategy.swift */; };
		1534E75E29AC9147007B1874 /* CounterRecordContext.swift in Sources */ = {isa = PBXBuildFile; fileRef = 1534E75D29AC9147007B1874 /* CounterRecordContext.swift */; };
		1535887A299201270063AE28 /* ChampionRecordViewModel.swift in Sources */ = {isa = PBXBuildFile; fileRef = 15358879299201270063AE28 /* ChampionRecordViewModel.swift */; };
		1535887C299206770063AE28 /* ChampionRecordView.swift in Sources */ = {isa = PBXBuildFile; fileRef = 1535887B299206770063AE28 /* ChampionRecordView.swift */; };
		1535887F29921C3F0063AE28 /* ChampionWinRateImagesSection.swift in Sources */ = {isa = PBXBuildFile; fileRef = 1535887E29921C3F0063AE28 /* ChampionWinRateImagesSection.swift */; };
		154BD09829A72B85003E1ECB /* CDSummonerManager.swift in Sources */ = {isa = PBXBuildFile; fileRef = 154BD09729A72B85003E1ECB /* CDSummonerManager.swift */; };
		156133FA29B47DCB0016FCC5 /* HomeViewModel_UITests.swift in Sources */ = {isa = PBXBuildFile; fileRef = 156133F929B47DCB0016FCC5 /* HomeViewModel_UITests.swift */; };
		156133FC29B489E00016FCC5 /* HomeViewModel_Tests.swift in Sources */ = {isa = PBXBuildFile; fileRef = 156133FB29B489E00016FCC5 /* HomeViewModel_Tests.swift */; };
		156DA4F32988CEAA00786730 /* Summoner.swift in Sources */ = {isa = PBXBuildFile; fileRef = 156DA4F22988CEAA00786730 /* Summoner.swift */; };
		156DA4F52988E35800786730 /* SummonerProfile.swift in Sources */ = {isa = PBXBuildFile; fileRef = 156DA4F42988E35800786730 /* SummonerProfile.swift */; };
		156DA4F72988E82C00786730 /* BaseProfileIconImage.swift in Sources */ = {isa = PBXBuildFile; fileRef = 156DA4F62988E82C00786730 /* BaseProfileIconImage.swift */; };
		156DA4FA2988E8EF00786730 /* SummonerProfiles.swift in Sources */ = {isa = PBXBuildFile; fileRef = 156DA4F92988E8EF00786730 /* SummonerProfiles.swift */; };
		156DA4FC2988E9D600786730 /* Array + Extension.swift in Sources */ = {isa = PBXBuildFile; fileRef = 156DA4FB2988E9D600786730 /* Array + Extension.swift */; };
		156DA4FE2988F3ED00786730 /* LaneImage.swift in Sources */ = {isa = PBXBuildFile; fileRef = 156DA4FD2988F3ED00786730 /* LaneImage.swift */; };
		15717271295D666C0053BCC1 /* UserDefaultKey.swift in Sources */ = {isa = PBXBuildFile; fileRef = 15717270295D666C0053BCC1 /* UserDefaultKey.swift */; };
		15717277295D70640053BCC1 /* SummonersServiceTests.swift in Sources */ = {isa = PBXBuildFile; fileRef = 15717276295D70640053BCC1 /* SummonersServiceTests.swift */; };
		15717279295D73930053BCC1 /* LeagueV4Service.swift in Sources */ = {isa = PBXBuildFile; fileRef = 15717278295D73930053BCC1 /* LeagueV4Service.swift */; };
		1571727B295D73FB0053BCC1 /* LeagueEntryDTO .swift in Sources */ = {isa = PBXBuildFile; fileRef = 1571727A295D73FB0053BCC1 /* LeagueEntryDTO .swift */; };
		1571727D295D76130053BCC1 /* RiotAuthorization.swift in Sources */ = {isa = PBXBuildFile; fileRef = 1571727C295D76130053BCC1 /* RiotAuthorization.swift */; };
		1571727F295D78BE0053BCC1 /* Tier.swift in Sources */ = {isa = PBXBuildFile; fileRef = 1571727E295D78BE0053BCC1 /* Tier.swift */; };
		1573B56129B9797F00A85B16 /* LeagueV4ServiceEnabled_Tests.swift in Sources */ = {isa = PBXBuildFile; fileRef = 1573B56029B9797F00A85B16 /* LeagueV4ServiceEnabled_Tests.swift */; };
		1573B56329B9816800A85B16 /* MatchV5ServiceEnabled_Tests.swift in Sources */ = {isa = PBXBuildFile; fileRef = 1573B56229B9816800A85B16 /* MatchV5ServiceEnabled_Tests.swift */; };
		1573B56529B9873A00A85B16 /* XCUIApplcation + Extensions.swift in Sources */ = {isa = PBXBuildFile; fileRef = 1573B56429B9873A00A85B16 /* XCUIApplcation + Extensions.swift */; };
		157AAC7D299A46E0002B927A /* MatchData.swift in Sources */ = {isa = PBXBuildFile; fileRef = 157AAC7C299A46E0002B927A /* MatchData.swift */; };
		1585915D2962BF8700E888FC /* ProfileView.swift in Sources */ = {isa = PBXBuildFile; fileRef = 1585915C2962BF8700E888FC /* ProfileView.swift */; };
		1585915F2962BF9900E888FC /* HomeViewModel.swift in Sources */ = {isa = PBXBuildFile; fileRef = 1585915E2962BF9900E888FC /* HomeViewModel.swift */; };
		15961DE12990B25F00806655 /* ServiceAlertEnable.swift in Sources */ = {isa = PBXBuildFile; fileRef = 15961DE02990B25F00806655 /* ServiceAlertEnable.swift */; };
		1597B1D82970FCE100A66486 /* RecordView.swift in Sources */ = {isa = PBXBuildFile; fileRef = 1597B1D72970FCE100A66486 /* RecordView.swift */; };
		1597B1DD297123E700A66486 /* Kingfisher in Frameworks */ = {isa = PBXBuildFile; productRef = 1597B1DC297123E700A66486 /* Kingfisher */; };
		15A4D6CD295972D60052E3AD /* AJ_GGApp.swift in Sources */ = {isa = PBXBuildFile; fileRef = 15A4D6CC295972D60052E3AD /* AJ_GGApp.swift */; };
		15A4D6CF295972D60052E3AD /* ContentView.swift in Sources */ = {isa = PBXBuildFile; fileRef = 15A4D6CE295972D60052E3AD /* ContentView.swift */; };
		15A4D6D1295972D70052E3AD /* Assets.xcassets in Resources */ = {isa = PBXBuildFile; fileRef = 15A4D6D0295972D70052E3AD /* Assets.xcassets */; };
		15A4D6D4295972D70052E3AD /* Preview Assets.xcassets in Resources */ = {isa = PBXBuildFile; fileRef = 15A4D6D3295972D70052E3AD /* Preview Assets.xcassets */; };
		15A4D6D6295972D70052E3AD /* PersistentContainer.swift in Sources */ = {isa = PBXBuildFile; fileRef = 15A4D6D5295972D70052E3AD /* PersistentContainer.swift */; };
		15A4D6D9295972D70052E3AD /* AJ_GG.xcdatamodeld in Sources */ = {isa = PBXBuildFile; fileRef = 15A4D6D7295972D70052E3AD /* AJ_GG.xcdatamodeld */; };
		15A4D7022959751E0052E3AD /* SummonerRegistrationView.swift in Sources */ = {isa = PBXBuildFile; fileRef = 15A4D7012959751E0052E3AD /* SummonerRegistrationView.swift */; };
		15A4D704295975300052E3AD /* SummonerRegistrationViewModel.swift in Sources */ = {isa = PBXBuildFile; fileRef = 15A4D703295975300052E3AD /* SummonerRegistrationViewModel.swift */; };
		15A4D706295975640052E3AD /* CapsuleText.swift in Sources */ = {isa = PBXBuildFile; fileRef = 15A4D705295975640052E3AD /* CapsuleText.swift */; };
		15A4D7092959787B0052E3AD /* ViewExtension.swift in Sources */ = {isa = PBXBuildFile; fileRef = 15A4D7082959787B0052E3AD /* ViewExtension.swift */; };
		15A4D70C295980B70052E3AD /* SummonersService.swift in Sources */ = {isa = PBXBuildFile; fileRef = 15A4D70B295980B70052E3AD /* SummonersService.swift */; };
		15A4D70F295980F20052E3AD /* Alamofire in Frameworks */ = {isa = PBXBuildFile; productRef = 15A4D70E295980F20052E3AD /* Alamofire */; };
		15A4D712295981090052E3AD /* RiotAPI.swift in Sources */ = {isa = PBXBuildFile; fileRef = 15A4D711295981090052E3AD /* RiotAPI.swift */; };
		15A9ED65296EE0D10043A5B4 /* RoundedText.swift in Sources */ = {isa = PBXBuildFile; fileRef = 15A9ED64296EE0D10043A5B4 /* RoundedText.swift */; };
		15C448512959899C0063223E /* SummonerDTO.swift in Sources */ = {isa = PBXBuildFile; fileRef = 15C448502959899C0063223E /* SummonerDTO.swift */; };
		15C4485329598A4D0063223E /* ServerError.swift in Sources */ = {isa = PBXBuildFile; fileRef = 15C4485229598A4D0063223E /* ServerError.swift */; };
		15D55C2729ADF165004CC334 /* SummonerRegistrationViewTests.swift in Sources */ = {isa = PBXBuildFile; fileRef = 15D55C2629ADF165004CC334 /* SummonerRegistrationViewTests.swift */; };
		15E1685B298774EF00F91CAB /* RotatingCircle.swift in Sources */ = {isa = PBXBuildFile; fileRef = 15E1685A298774EF00F91CAB /* RotatingCircle.swift */; };
		15E52E06298143D2004B4DBC /* Match.swift in Sources */ = {isa = PBXBuildFile; fileRef = 15E52E05298143D2004B4DBC /* Match.swift */; };
		15E9E18C2983922B008B614F /* PGVStack.swift in Sources */ = {isa = PBXBuildFile; fileRef = 15E9E18B2983922B008B614F /* PGVStack.swift */; };
		15E9E19129839B9C008B614F /* HiddenTitle.swift in Sources */ = {isa = PBXBuildFile; fileRef = 15E9E19029839B9C008B614F /* HiddenTitle.swift */; };
		15ED7F2B298A220000E49B5F /* ChampionWinRateImage.swift in Sources */ = {isa = PBXBuildFile; fileRef = 15ED7F2A298A220000E49B5F /* ChampionWinRateImage.swift */; };
		15ED7F2D298A247600E49B5F /* Double + Extension.swift in Sources */ = {isa = PBXBuildFile; fileRef = 15ED7F2C298A247600E49B5F /* Double + Extension.swift */; };
		15EFFAB129B8721800975D90 /* SummonerRegistrationViewModel_Tests.swift in Sources */ = {isa = PBXBuildFile; fileRef = 15EFFAB029B8721800975D90 /* SummonerRegistrationViewModel_Tests.swift */; };
		15F0FBCF2982660B00E5BAB2 /* DummyCretable.swift in Sources */ = {isa = PBXBuildFile; fileRef = 15F0FBCE2982660B00E5BAB2 /* DummyCretable.swift */; };
/* End PBXBuildFile section */

/* Begin PBXContainerItemProxy section */
		15A4D6E0295972D70052E3AD /* PBXContainerItemProxy */ = {
			isa = PBXContainerItemProxy;
			containerPortal = 15A4D6C1295972D60052E3AD /* Project object */;
			proxyType = 1;
			remoteGlobalIDString = 15A4D6C8295972D60052E3AD;
			remoteInfo = AJ.GG;
		};
		15A4D6EA295972D70052E3AD /* PBXContainerItemProxy */ = {
			isa = PBXContainerItemProxy;
			containerPortal = 15A4D6C1295972D60052E3AD /* Project object */;
			proxyType = 1;
			remoteGlobalIDString = 15A4D6C8295972D60052E3AD;
			remoteInfo = AJ.GG;
		};
/* End PBXContainerItemProxy section */

/* Begin PBXFileReference section */
		151CA6902981379C0095D8DC /* BaseChamiponImage.swift */ = {isa = PBXFileReference; lastKnownFileType = sourcecode.swift; path = BaseChamiponImage.swift; sourceTree = "<group>"; };
		151CA69229813AEB0095D8DC /* CircleChampionImage.swift */ = {isa = PBXFileReference; lastKnownFileType = sourcecode.swift; path = CircleChampionImage.swift; sourceTree = "<group>"; };
		151CA69429813DB40095D8DC /* RecordCell.swift */ = {isa = PBXFileReference; lastKnownFileType = sourcecode.swift; path = RecordCell.swift; sourceTree = "<group>"; };
		151EAEA3296683BF00322ACE /* StringExtension.swift */ = {isa = PBXFileReference; lastKnownFileType = sourcecode.swift; path = StringExtension.swift; sourceTree = "<group>"; };
		151EAEA6296687DA00322ACE /* StringExntensionTests.swift */ = {isa = PBXFileReference; lastKnownFileType = sourcecode.swift; path = StringExntensionTests.swift; sourceTree = "<group>"; };
		152292E3298E55010070B023 /* DropDown.swift */ = {isa = PBXFileReference; lastKnownFileType = sourcecode.swift; path = DropDown.swift; sourceTree = "<group>"; };
		152292E6298E55CC0070B023 /* ProfileHeader.swift */ = {isa = PBXFileReference; lastKnownFileType = sourcecode.swift; path = ProfileHeader.swift; sourceTree = "<group>"; };
		1526DD032980011E00340069 /* Copyable.swift */ = {isa = PBXFileReference; lastKnownFileType = sourcecode.swift; path = Copyable.swift; sourceTree = "<group>"; };
		1526DD052980016D00340069 /* CDSummoner + Extension.swift */ = {isa = PBXFileReference; lastKnownFileType = sourcecode.swift; path = "CDSummoner + Extension.swift"; sourceTree = "<group>"; };
		1526DD072980024500340069 /* CDMatch + Extension.swift */ = {isa = PBXFileReference; lastKnownFileType = sourcecode.swift; path = "CDMatch + Extension.swift"; sourceTree = "<group>"; };
		15298C97296C8FEF005FC900 /* champ.json */ = {isa = PBXFileReference; lastKnownFileType = text.json; path = champ.json; sourceTree = "<group>"; };
		15298C99296C9002005FC900 /* Champion.swift */ = {isa = PBXFileReference; lastKnownFileType = sourcecode.swift; path = Champion.swift; sourceTree = "<group>"; };
		152FBE62296D255600B082C7 /* MatchV5Service.swift */ = {isa = PBXFileReference; lastKnownFileType = sourcecode.swift; path = MatchV5Service.swift; sourceTree = "<group>"; };
		152FBE64296D275E00B082C7 /* ParticipantDTO.swift */ = {isa = PBXFileReference; lastKnownFileType = sourcecode.swift; path = ParticipantDTO.swift; sourceTree = "<group>"; };
		152FBE66296D2A5000B082C7 /* MetadataDTO.swift */ = {isa = PBXFileReference; lastKnownFileType = sourcecode.swift; path = MetadataDTO.swift; sourceTree = "<group>"; };
		152FBE68296D2AB800B082C7 /* InfoDTO.swift */ = {isa = PBXFileReference; lastKnownFileType = sourcecode.swift; path = InfoDTO.swift; sourceTree = "<group>"; };
		152FBE6A296D2B0100B082C7 /* BanDTO.swift */ = {isa = PBXFileReference; lastKnownFileType = sourcecode.swift; path = BanDTO.swift; sourceTree = "<group>"; };
		152FBE6C296D2B6B00B082C7 /* TeamDTO.swift */ = {isa = PBXFileReference; lastKnownFileType = sourcecode.swift; path = TeamDTO.swift; sourceTree = "<group>"; };
		152FBE6E296D2BA400B082C7 /* ObjectivesDTO.swift */ = {isa = PBXFileReference; lastKnownFileType = sourcecode.swift; path = ObjectivesDTO.swift; sourceTree = "<group>"; };
		152FBE70296D2C9600B082C7 /* PerksDTO.swift */ = {isa = PBXFileReference; lastKnownFileType = sourcecode.swift; path = PerksDTO.swift; sourceTree = "<group>"; };
		152FBE72296D2D9800B082C7 /* MatchDTO.swift */ = {isa = PBXFileReference; lastKnownFileType = sourcecode.swift; path = MatchDTO.swift; sourceTree = "<group>"; };
		1534E75629AC9027007B1874 /* RecordStrategy.swift */ = {isa = PBXFileReference; lastKnownFileType = sourcecode.swift; path = RecordStrategy.swift; sourceTree = "<group>"; };
		1534E75829AC904C007B1874 /* MyRecordStrategy.swift */ = {isa = PBXFileReference; lastKnownFileType = sourcecode.swift; path = MyRecordStrategy.swift; sourceTree = "<group>"; };
		1534E75B29AC90C9007B1874 /* RivalCounterReordStrategy.swift */ = {isa = PBXFileReference; lastKnownFileType = sourcecode.swift; path = RivalCounterReordStrategy.swift; sourceTree = "<group>"; };
		1534E75D29AC9147007B1874 /* CounterRecordContext.swift */ = {isa = PBXFileReference; lastKnownFileType = sourcecode.swift; path = CounterRecordContext.swift; sourceTree = "<group>"; };
		15358879299201270063AE28 /* ChampionRecordViewModel.swift */ = {isa = PBXFileReference; lastKnownFileType = sourcecode.swift; path = ChampionRecordViewModel.swift; sourceTree = "<group>"; };
		1535887B299206770063AE28 /* ChampionRecordView.swift */ = {isa = PBXFileReference; lastKnownFileType = sourcecode.swift; path = ChampionRecordView.swift; sourceTree = "<group>"; };
		1535887E29921C3F0063AE28 /* ChampionWinRateImagesSection.swift */ = {isa = PBXFileReference; lastKnownFileType = sourcecode.swift; path = ChampionWinRateImagesSection.swift; sourceTree = "<group>"; };
		154BD09629A728B6003E1ECB /* Note.md */ = {isa = PBXFileReference; lastKnownFileType = net.daringfireball.markdown; path = Note.md; sourceTree = "<group>"; };
		154BD09729A72B85003E1ECB /* CDSummonerManager.swift */ = {isa = PBXFileReference; lastKnownFileType = sourcecode.swift; path = CDSummonerManager.swift; sourceTree = "<group>"; };
		156133F929B47DCB0016FCC5 /* HomeViewModel_UITests.swift */ = {isa = PBXFileReference; lastKnownFileType = sourcecode.swift; path = HomeViewModel_UITests.swift; sourceTree = "<group>"; };
		156133FB29B489E00016FCC5 /* HomeViewModel_Tests.swift */ = {isa = PBXFileReference; lastKnownFileType = sourcecode.swift; path = HomeViewModel_Tests.swift; sourceTree = "<group>"; };
		156DA4F22988CEAA00786730 /* Summoner.swift */ = {isa = PBXFileReference; lastKnownFileType = sourcecode.swift; path = Summoner.swift; sourceTree = "<group>"; };
		156DA4F42988E35800786730 /* SummonerProfile.swift */ = {isa = PBXFileReference; lastKnownFileType = sourcecode.swift; path = SummonerProfile.swift; sourceTree = "<group>"; };
		156DA4F62988E82C00786730 /* BaseProfileIconImage.swift */ = {isa = PBXFileReference; lastKnownFileType = sourcecode.swift; path = BaseProfileIconImage.swift; sourceTree = "<group>"; };
		156DA4F92988E8EF00786730 /* SummonerProfiles.swift */ = {isa = PBXFileReference; lastKnownFileType = sourcecode.swift; path = SummonerProfiles.swift; sourceTree = "<group>"; };
		156DA4FB2988E9D600786730 /* Array + Extension.swift */ = {isa = PBXFileReference; lastKnownFileType = sourcecode.swift; path = "Array + Extension.swift"; sourceTree = "<group>"; };
		156DA4FD2988F3ED00786730 /* LaneImage.swift */ = {isa = PBXFileReference; lastKnownFileType = sourcecode.swift; path = LaneImage.swift; sourceTree = "<group>"; };
		15717270295D666C0053BCC1 /* UserDefaultKey.swift */ = {isa = PBXFileReference; lastKnownFileType = sourcecode.swift; path = UserDefaultKey.swift; sourceTree = "<group>"; };
		15717276295D70640053BCC1 /* SummonersServiceTests.swift */ = {isa = PBXFileReference; lastKnownFileType = sourcecode.swift; path = SummonersServiceTests.swift; sourceTree = "<group>"; };
		15717278295D73930053BCC1 /* LeagueV4Service.swift */ = {isa = PBXFileReference; lastKnownFileType = sourcecode.swift; path = LeagueV4Service.swift; sourceTree = "<group>"; };
		1571727A295D73FB0053BCC1 /* LeagueEntryDTO .swift */ = {isa = PBXFileReference; lastKnownFileType = sourcecode.swift; path = "LeagueEntryDTO .swift"; sourceTree = "<group>"; };
		1571727C295D76130053BCC1 /* RiotAuthorization.swift */ = {isa = PBXFileReference; lastKnownFileType = sourcecode.swift; path = RiotAuthorization.swift; sourceTree = "<group>"; };
		1571727E295D78BE0053BCC1 /* Tier.swift */ = {isa = PBXFileReference; lastKnownFileType = sourcecode.swift; path = Tier.swift; sourceTree = "<group>"; };
		1573B56029B9797F00A85B16 /* LeagueV4ServiceEnabled_Tests.swift */ = {isa = PBXFileReference; lastKnownFileType = sourcecode.swift; path = LeagueV4ServiceEnabled_Tests.swift; sourceTree = "<group>"; };
		1573B56229B9816800A85B16 /* MatchV5ServiceEnabled_Tests.swift */ = {isa = PBXFileReference; lastKnownFileType = sourcecode.swift; path = MatchV5ServiceEnabled_Tests.swift; sourceTree = "<group>"; };
		1573B56429B9873A00A85B16 /* XCUIApplcation + Extensions.swift */ = {isa = PBXFileReference; lastKnownFileType = sourcecode.swift; path = "XCUIApplcation + Extensions.swift"; sourceTree = "<group>"; };
		157AAC7C299A46E0002B927A /* MatchData.swift */ = {isa = PBXFileReference; lastKnownFileType = sourcecode.swift; path = MatchData.swift; sourceTree = "<group>"; };
		1585915C2962BF8700E888FC /* ProfileView.swift */ = {isa = PBXFileReference; lastKnownFileType = sourcecode.swift; path = ProfileView.swift; sourceTree = "<group>"; };
		1585915E2962BF9900E888FC /* HomeViewModel.swift */ = {isa = PBXFileReference; lastKnownFileType = sourcecode.swift; path = HomeViewModel.swift; sourceTree = "<group>"; };
		15961DE02990B25F00806655 /* ServiceAlertEnable.swift */ = {isa = PBXFileReference; lastKnownFileType = sourcecode.swift; path = ServiceAlertEnable.swift; sourceTree = "<group>"; };
		1597B1D72970FCE100A66486 /* RecordView.swift */ = {isa = PBXFileReference; lastKnownFileType = sourcecode.swift; path = RecordView.swift; sourceTree = "<group>"; };
		1597B1DE2971270400A66486 /* AJ-GG-Info.plist */ = {isa = PBXFileReference; lastKnownFileType = text.plist; path = "AJ-GG-Info.plist"; sourceTree = SOURCE_ROOT; };
		15A4D6C9295972D60052E3AD /* AJ.GG.app */ = {isa = PBXFileReference; explicitFileType = wrapper.application; includeInIndex = 0; path = AJ.GG.app; sourceTree = BUILT_PRODUCTS_DIR; };
		15A4D6CC295972D60052E3AD /* AJ_GGApp.swift */ = {isa = PBXFileReference; lastKnownFileType = sourcecode.swift; path = AJ_GGApp.swift; sourceTree = "<group>"; };
		15A4D6CE295972D60052E3AD /* ContentView.swift */ = {isa = PBXFileReference; lastKnownFileType = sourcecode.swift; path = ContentView.swift; sourceTree = "<group>"; };
		15A4D6D0295972D70052E3AD /* Assets.xcassets */ = {isa = PBXFileReference; lastKnownFileType = folder.assetcatalog; path = Assets.xcassets; sourceTree = "<group>"; };
		15A4D6D3295972D70052E3AD /* Preview Assets.xcassets */ = {isa = PBXFileReference; lastKnownFileType = folder.assetcatalog; path = "Preview Assets.xcassets"; sourceTree = "<group>"; };
		15A4D6D5295972D70052E3AD /* PersistentContainer.swift */ = {isa = PBXFileReference; lastKnownFileType = sourcecode.swift; path = PersistentContainer.swift; sourceTree = "<group>"; };
		15A4D6D8295972D70052E3AD /* AJ_GG.xcdatamodel */ = {isa = PBXFileReference; lastKnownFileType = wrapper.xcdatamodel; path = AJ_GG.xcdatamodel; sourceTree = "<group>"; };
		15A4D6DA295972D70052E3AD /* Info.plist */ = {isa = PBXFileReference; lastKnownFileType = text.plist.xml; path = Info.plist; sourceTree = "<group>"; };
		15A4D6DF295972D70052E3AD /* AJ.GGTests.xctest */ = {isa = PBXFileReference; explicitFileType = wrapper.cfbundle; includeInIndex = 0; path = AJ.GGTests.xctest; sourceTree = BUILT_PRODUCTS_DIR; };
		15A4D6E9295972D70052E3AD /* AJ.GGUITests.xctest */ = {isa = PBXFileReference; explicitFileType = wrapper.cfbundle; includeInIndex = 0; path = AJ.GGUITests.xctest; sourceTree = BUILT_PRODUCTS_DIR; };
		15A4D7012959751E0052E3AD /* SummonerRegistrationView.swift */ = {isa = PBXFileReference; lastKnownFileType = sourcecode.swift; path = SummonerRegistrationView.swift; sourceTree = "<group>"; };
		15A4D703295975300052E3AD /* SummonerRegistrationViewModel.swift */ = {isa = PBXFileReference; lastKnownFileType = sourcecode.swift; path = SummonerRegistrationViewModel.swift; sourceTree = "<group>"; };
		15A4D705295975640052E3AD /* CapsuleText.swift */ = {isa = PBXFileReference; lastKnownFileType = sourcecode.swift; path = CapsuleText.swift; sourceTree = "<group>"; };
		15A4D7082959787B0052E3AD /* ViewExtension.swift */ = {isa = PBXFileReference; lastKnownFileType = sourcecode.swift; path = ViewExtension.swift; sourceTree = "<group>"; };
		15A4D70B295980B70052E3AD /* SummonersService.swift */ = {isa = PBXFileReference; lastKnownFileType = sourcecode.swift; path = SummonersService.swift; sourceTree = "<group>"; };
		15A4D711295981090052E3AD /* RiotAPI.swift */ = {isa = PBXFileReference; lastKnownFileType = sourcecode.swift; path = RiotAPI.swift; sourceTree = "<group>"; };
		15A9ED64296EE0D10043A5B4 /* RoundedText.swift */ = {isa = PBXFileReference; lastKnownFileType = sourcecode.swift; path = RoundedText.swift; sourceTree = "<group>"; };
		15C448502959899C0063223E /* SummonerDTO.swift */ = {isa = PBXFileReference; lastKnownFileType = sourcecode.swift; path = SummonerDTO.swift; sourceTree = "<group>"; };
		15C4485229598A4D0063223E /* ServerError.swift */ = {isa = PBXFileReference; lastKnownFileType = sourcecode.swift; path = ServerError.swift; sourceTree = "<group>"; };
		15D55C2629ADF165004CC334 /* SummonerRegistrationViewTests.swift */ = {isa = PBXFileReference; lastKnownFileType = sourcecode.swift; path = SummonerRegistrationViewTests.swift; sourceTree = "<group>"; };
		15E1685A298774EF00F91CAB /* RotatingCircle.swift */ = {isa = PBXFileReference; lastKnownFileType = sourcecode.swift; path = RotatingCircle.swift; sourceTree = "<group>"; };
		15E52E05298143D2004B4DBC /* Match.swift */ = {isa = PBXFileReference; lastKnownFileType = sourcecode.swift; path = Match.swift; sourceTree = "<group>"; };
		15E9E18B2983922B008B614F /* PGVStack.swift */ = {isa = PBXFileReference; lastKnownFileType = sourcecode.swift; path = PGVStack.swift; sourceTree = "<group>"; };
		15E9E19029839B9C008B614F /* HiddenTitle.swift */ = {isa = PBXFileReference; lastKnownFileType = sourcecode.swift; path = HiddenTitle.swift; sourceTree = "<group>"; };
		15ED7F2A298A220000E49B5F /* ChampionWinRateImage.swift */ = {isa = PBXFileReference; lastKnownFileType = sourcecode.swift; path = ChampionWinRateImage.swift; sourceTree = "<group>"; };
		15ED7F2C298A247600E49B5F /* Double + Extension.swift */ = {isa = PBXFileReference; lastKnownFileType = sourcecode.swift; path = "Double + Extension.swift"; sourceTree = "<group>"; };
		15EFFAB029B8721800975D90 /* SummonerRegistrationViewModel_Tests.swift */ = {isa = PBXFileReference; lastKnownFileType = sourcecode.swift; path = SummonerRegistrationViewModel_Tests.swift; sourceTree = "<group>"; };
		15F0FBCE2982660B00E5BAB2 /* DummyCretable.swift */ = {isa = PBXFileReference; lastKnownFileType = sourcecode.swift; path = DummyCretable.swift; sourceTree = "<group>"; };
/* End PBXFileReference section */

/* Begin PBXFrameworksBuildPhase section */
		15A4D6C6295972D60052E3AD /* Frameworks */ = {
			isa = PBXFrameworksBuildPhase;
			buildActionMask = 2147483647;
			files = (
				1597B1DD297123E700A66486 /* Kingfisher in Frameworks */,
				15A4D70F295980F20052E3AD /* Alamofire in Frameworks */,
			);
			runOnlyForDeploymentPostprocessing = 0;
		};
		15A4D6DC295972D70052E3AD /* Frameworks */ = {
			isa = PBXFrameworksBuildPhase;
			buildActionMask = 2147483647;
			files = (
			);
			runOnlyForDeploymentPostprocessing = 0;
		};
		15A4D6E6295972D70052E3AD /* Frameworks */ = {
			isa = PBXFrameworksBuildPhase;
			buildActionMask = 2147483647;
			files = (
			);
			runOnlyForDeploymentPostprocessing = 0;
		};
/* End PBXFrameworksBuildPhase section */

/* Begin PBXGroup section */
		151EAEA5296687C200322ACE /* Extension */ = {
			isa = PBXGroup;
			children = (
				151EAEA6296687DA00322ACE /* StringExntensionTests.swift */,
			);
			path = Extension;
			sourceTree = "<group>";
		};
		1526DD022980010500340069 /* CoreData + Extension */ = {
			isa = PBXGroup;
			children = (
				1526DD032980011E00340069 /* Copyable.swift */,
				1526DD052980016D00340069 /* CDSummoner + Extension.swift */,
				1526DD072980024500340069 /* CDMatch + Extension.swift */,
			);
			path = "CoreData + Extension";
			sourceTree = "<group>";
		};
		1526DD092980075900340069 /* Register */ = {
			isa = PBXGroup;
			children = (
				15A4D7012959751E0052E3AD /* SummonerRegistrationView.swift */,
			);
			path = Register;
			sourceTree = "<group>";
		};
		1526DD0A2980079200340069 /* Register */ = {
			isa = PBXGroup;
			children = (
				15A4D703295975300052E3AD /* SummonerRegistrationViewModel.swift */,
			);
			path = Register;
			sourceTree = "<group>";
		};
		1534E75529AC9011007B1874 /* Protocols */ = {
			isa = PBXGroup;
			children = (
				1534E75A29AC9053007B1874 /* CounterRecordStrategy */,
			);
			path = Protocols;
			sourceTree = "<group>";
		};
		1534E75A29AC9053007B1874 /* CounterRecordStrategy */ = {
			isa = PBXGroup;
			children = (
				1534E75629AC9027007B1874 /* RecordStrategy.swift */,
				1534E75829AC904C007B1874 /* MyRecordStrategy.swift */,
				1534E75B29AC90C9007B1874 /* RivalCounterReordStrategy.swift */,
				1534E75D29AC9147007B1874 /* CounterRecordContext.swift */,
			);
			path = CounterRecordStrategy;
			sourceTree = "<group>";
		};
		153588772991FF4D0063AE28 /* Record */ = {
			isa = PBXGroup;
			children = (
				1597B1D72970FCE100A66486 /* RecordView.swift */,
				1535887B299206770063AE28 /* ChampionRecordView.swift */,
			);
			path = Record;
			sourceTree = "<group>";
		};
		15358878299200F80063AE28 /* Record */ = {
			isa = PBXGroup;
			children = (
				15358879299201270063AE28 /* ChampionRecordViewModel.swift */,
			);
			path = Record;
			sourceTree = "<group>";
		};
		1535887D29921C050063AE28 /* Summoner */ = {
			isa = PBXGroup;
			children = (
				156DA4F92988E8EF00786730 /* SummonerProfiles.swift */,
				156DA4F42988E35800786730 /* SummonerProfile.swift */,
			);
			path = Summoner;
			sourceTree = "<group>";
		};
		156DA4F12988CE0800786730 /* Model */ = {
			isa = PBXGroup;
			children = (
				156DA4F22988CEAA00786730 /* Summoner.swift */,
				15298C99296C9002005FC900 /* Champion.swift */,
				15F0FBCE2982660B00E5BAB2 /* DummyCretable.swift */,
				15E52E05298143D2004B4DBC /* Match.swift */,
				1571727E295D78BE0053BCC1 /* Tier.swift */,
			);
			path = Model;
			sourceTree = "<group>";
		};
		156DA4F82988E8C700786730 /* Home */ = {
			isa = PBXGroup;
			children = (
				1585915C2962BF8700E888FC /* ProfileView.swift */,
			);
			path = Home;
			sourceTree = "<group>";
		};
		15717275295D704D0053BCC1 /* Service */ = {
			isa = PBXGroup;
			children = (
				15717276295D70640053BCC1 /* SummonersServiceTests.swift */,
				1573B56029B9797F00A85B16 /* LeagueV4ServiceEnabled_Tests.swift */,
				1573B56229B9816800A85B16 /* MatchV5ServiceEnabled_Tests.swift */,
			);
			path = Service;
			sourceTree = "<group>";
		};
		157AAC7A2999FB96002B927A /* Icon */ = {
			isa = PBXGroup;
			children = (
				156DA4F62988E82C00786730 /* BaseProfileIconImage.swift */,
			);
			path = Icon;
			sourceTree = "<group>";
		};
		157AAC7B299A46D4002B927A /* Json */ = {
			isa = PBXGroup;
			children = (
				157AAC7C299A46E0002B927A /* MatchData.swift */,
			);
			path = Json;
			sourceTree = "<group>";
		};
		15961DE22990E0E800806655 /* ViewModel */ = {
			isa = PBXGroup;
			children = (
				156133FB29B489E00016FCC5 /* HomeViewModel_Tests.swift */,
				15EFFAB029B8721800975D90 /* SummonerRegistrationViewModel_Tests.swift */,
			);
			path = ViewModel;
			sourceTree = "<group>";
		};
		159D74EF296ECBD6009668CB /* DataManager */ = {
			isa = PBXGroup;
			children = (
				15A4D6D5295972D70052E3AD /* PersistentContainer.swift */,
				154BD09729A72B85003E1ECB /* CDSummonerManager.swift */,
			);
			path = DataManager;
			sourceTree = "<group>";
		};
		15A4D6C0295972D60052E3AD = {
			isa = PBXGroup;
			children = (
				15A4D6CB295972D60052E3AD /* AJ.GG */,
				15A4D6E2295972D70052E3AD /* AJ.GGTests */,
				15A4D6EC295972D70052E3AD /* AJ.GGUITests */,
				15A4D6CA295972D60052E3AD /* Products */,
			);
			sourceTree = "<group>";
		};
		15A4D6CA295972D60052E3AD /* Products */ = {
			isa = PBXGroup;
			children = (
				15A4D6C9295972D60052E3AD /* AJ.GG.app */,
				15A4D6DF295972D70052E3AD /* AJ.GGTests.xctest */,
				15A4D6E9295972D70052E3AD /* AJ.GGUITests.xctest */,
			);
			name = Products;
			sourceTree = "<group>";
		};
		15A4D6CB295972D60052E3AD /* AJ.GG */ = {
			isa = PBXGroup;
			children = (
				1597B1DE2971270400A66486 /* AJ-GG-Info.plist */,
				15A4D710295980FE0052E3AD /* Environment */,
				15A4D707295978590052E3AD /* Extensions */,
				1534E75529AC9011007B1874 /* Protocols */,
				159D74EF296ECBD6009668CB /* DataManager */,
				15A4D70A295980840052E3AD /* Service */,
				15A4D6FE295973170052E3AD /* Model */,
				15A4D6FD295973100052E3AD /* ViewModel */,
				15A4D6FC295973080052E3AD /* View */,
				15A4D6CC295972D60052E3AD /* AJ_GGApp.swift */,
				15A4D6D0295972D70052E3AD /* Assets.xcassets */,
				15A4D6DA295972D70052E3AD /* Info.plist */,
				15A4D6D7295972D70052E3AD /* AJ_GG.xcdatamodeld */,
				15A4D6D2295972D70052E3AD /* Preview Content */,
				154BD09629A728B6003E1ECB /* Note.md */,
			);
			path = AJ.GG;
			sourceTree = "<group>";
		};
		15A4D6D2295972D70052E3AD /* Preview Content */ = {
			isa = PBXGroup;
			children = (
				15A4D6D3295972D70052E3AD /* Preview Assets.xcassets */,
			);
			path = "Preview Content";
			sourceTree = "<group>";
		};
		15A4D6E2295972D70052E3AD /* AJ.GGTests */ = {
			isa = PBXGroup;
			children = (
				151EAEA5296687C200322ACE /* Extension */,
				15717275295D704D0053BCC1 /* Service */,
				15961DE22990E0E800806655 /* ViewModel */,
			);
			path = AJ.GGTests;
			sourceTree = "<group>";
		};
		15A4D6EC295972D70052E3AD /* AJ.GGUITests */ = {
			isa = PBXGroup;
			children = (
				15D55C2629ADF165004CC334 /* SummonerRegistrationViewTests.swift */,
				156133F929B47DCB0016FCC5 /* HomeViewModel_UITests.swift */,
				1573B56429B9873A00A85B16 /* XCUIApplcation + Extensions.swift */,
			);
			path = AJ.GGUITests;
			sourceTree = "<group>";
		};
		15A4D6FC295973080052E3AD /* View */ = {
			isa = PBXGroup;
			children = (
				15A4D6CE295972D60052E3AD /* ContentView.swift */,
				15E9E188298391FF008B614F /* PGView */,
				15A4D700295974E30052E3AD /* UIComponents */,
				153588772991FF4D0063AE28 /* Record */,
				1526DD092980075900340069 /* Register */,
				156DA4F82988E8C700786730 /* Home */,
			);
			path = View;
			sourceTree = "<group>";
		};
		15A4D6FD295973100052E3AD /* ViewModel */ = {
			isa = PBXGroup;
			children = (
				15961DE02990B25F00806655 /* ServiceAlertEnable.swift */,
				15358878299200F80063AE28 /* Record */,
				1526DD0A2980079200340069 /* Register */,
				1585915E2962BF9900E888FC /* HomeViewModel.swift */,
			);
			path = ViewModel;
			sourceTree = "<group>";
		};
		15A4D6FE295973170052E3AD /* Model */ = {
			isa = PBXGroup;
			children = (
				1526DD022980010500340069 /* CoreData + Extension */,
				15A4D7132959895F0052E3AD /* DTO */,
				156DA4F12988CE0800786730 /* Model */,
				15C4485229598A4D0063223E /* ServerError.swift */,
				15298C97296C8FEF005FC900 /* champ.json */,
			);
			path = Model;
			sourceTree = "<group>";
		};
		15A4D700295974E30052E3AD /* UIComponents */ = {
			isa = PBXGroup;
			children = (
				157AAC7A2999FB96002B927A /* Icon */,
				1535887D29921C050063AE28 /* Summoner */,
				15ED7F29298A21D000E49B5F /* Champion */,
				15A4D705295975640052E3AD /* CapsuleText.swift */,
				15A9ED64296EE0D10043A5B4 /* RoundedText.swift */,
				156DA4FD2988F3ED00786730 /* LaneImage.swift */,
				151CA69429813DB40095D8DC /* RecordCell.swift */,
				15E9E19029839B9C008B614F /* HiddenTitle.swift */,
				15E1685A298774EF00F91CAB /* RotatingCircle.swift */,
				152292E3298E55010070B023 /* DropDown.swift */,
				152292E6298E55CC0070B023 /* ProfileHeader.swift */,
			);
			path = UIComponents;
			sourceTree = "<group>";
		};
		15A4D707295978590052E3AD /* Extensions */ = {
			isa = PBXGroup;
			children = (
				15A4D7082959787B0052E3AD /* ViewExtension.swift */,
				151EAEA3296683BF00322ACE /* StringExtension.swift */,
				15ED7F2C298A247600E49B5F /* Double + Extension.swift */,
				156DA4FB2988E9D600786730 /* Array + Extension.swift */,
			);
			path = Extensions;
			sourceTree = "<group>";
		};
		15A4D70A295980840052E3AD /* Service */ = {
			isa = PBXGroup;
			children = (
				157AAC7B299A46D4002B927A /* Json */,
				1571727C295D76130053BCC1 /* RiotAuthorization.swift */,
				15A4D70B295980B70052E3AD /* SummonersService.swift */,
				15717278295D73930053BCC1 /* LeagueV4Service.swift */,
				152FBE62296D255600B082C7 /* MatchV5Service.swift */,
			);
			path = Service;
			sourceTree = "<group>";
		};
		15A4D710295980FE0052E3AD /* Environment */ = {
			isa = PBXGroup;
			children = (
				15A4D711295981090052E3AD /* RiotAPI.swift */,
				15717270295D666C0053BCC1 /* UserDefaultKey.swift */,
			);
			path = Environment;
			sourceTree = "<group>";
		};
		15A4D7132959895F0052E3AD /* DTO */ = {
			isa = PBXGroup;
			children = (
				15C448502959899C0063223E /* SummonerDTO.swift */,
				1571727A295D73FB0053BCC1 /* LeagueEntryDTO .swift */,
				152FBE64296D275E00B082C7 /* ParticipantDTO.swift */,
				152FBE66296D2A5000B082C7 /* MetadataDTO.swift */,
				152FBE68296D2AB800B082C7 /* InfoDTO.swift */,
				152FBE6A296D2B0100B082C7 /* BanDTO.swift */,
				152FBE6C296D2B6B00B082C7 /* TeamDTO.swift */,
				152FBE6E296D2BA400B082C7 /* ObjectivesDTO.swift */,
				152FBE70296D2C9600B082C7 /* PerksDTO.swift */,
				152FBE72296D2D9800B082C7 /* MatchDTO.swift */,
			);
			path = DTO;
			sourceTree = "<group>";
		};
		15E9E188298391FF008B614F /* PGView */ = {
			isa = PBXGroup;
			children = (
				15E9E18B2983922B008B614F /* PGVStack.swift */,
			);
			path = PGView;
			sourceTree = "<group>";
		};
		15ED7F29298A21D000E49B5F /* Champion */ = {
			isa = PBXGroup;
			children = (
				151CA6902981379C0095D8DC /* BaseChamiponImage.swift */,
				151CA69229813AEB0095D8DC /* CircleChampionImage.swift */,
				15ED7F2A298A220000E49B5F /* ChampionWinRateImage.swift */,
				1535887E29921C3F0063AE28 /* ChampionWinRateImagesSection.swift */,
			);
			path = Champion;
			sourceTree = "<group>";
		};
/* End PBXGroup section */

/* Begin PBXNativeTarget section */
		15A4D6C8295972D60052E3AD /* AJ.GG */ = {
			isa = PBXNativeTarget;
			buildConfigurationList = 15A4D6F3295972D70052E3AD /* Build configuration list for PBXNativeTarget "AJ.GG" */;
			buildPhases = (
				15A4D6C5295972D60052E3AD /* Sources */,
				15A4D6C6295972D60052E3AD /* Frameworks */,
				15A4D6C7295972D60052E3AD /* Resources */,
			);
			buildRules = (
			);
			dependencies = (
			);
			name = AJ.GG;
			packageProductDependencies = (
				15A4D70E295980F20052E3AD /* Alamofire */,
				1597B1DC297123E700A66486 /* Kingfisher */,
			);
			productName = AJ.GG;
			productReference = 15A4D6C9295972D60052E3AD /* AJ.GG.app */;
			productType = "com.apple.product-type.application";
		};
		15A4D6DE295972D70052E3AD /* AJ.GGTests */ = {
			isa = PBXNativeTarget;
			buildConfigurationList = 15A4D6F6295972D70052E3AD /* Build configuration list for PBXNativeTarget "AJ.GGTests" */;
			buildPhases = (
				15A4D6DB295972D70052E3AD /* Sources */,
				15A4D6DC295972D70052E3AD /* Frameworks */,
				15A4D6DD295972D70052E3AD /* Resources */,
			);
			buildRules = (
			);
			dependencies = (
				15A4D6E1295972D70052E3AD /* PBXTargetDependency */,
			);
			name = AJ.GGTests;
			productName = AJ.GGTests;
			productReference = 15A4D6DF295972D70052E3AD /* AJ.GGTests.xctest */;
			productType = "com.apple.product-type.bundle.unit-test";
		};
		15A4D6E8295972D70052E3AD /* AJ.GGUITests */ = {
			isa = PBXNativeTarget;
			buildConfigurationList = 15A4D6F9295972D70052E3AD /* Build configuration list for PBXNativeTarget "AJ.GGUITests" */;
			buildPhases = (
				15A4D6E5295972D70052E3AD /* Sources */,
				15A4D6E6295972D70052E3AD /* Frameworks */,
				15A4D6E7295972D70052E3AD /* Resources */,
			);
			buildRules = (
			);
			dependencies = (
				15A4D6EB295972D70052E3AD /* PBXTargetDependency */,
			);
			name = AJ.GGUITests;
			productName = AJ.GGUITests;
			productReference = 15A4D6E9295972D70052E3AD /* AJ.GGUITests.xctest */;
			productType = "com.apple.product-type.bundle.ui-testing";
		};
/* End PBXNativeTarget section */

/* Begin PBXProject section */
		15A4D6C1295972D60052E3AD /* Project object */ = {
			isa = PBXProject;
			attributes = {
				BuildIndependentTargetsInParallel = 1;
				LastSwiftUpdateCheck = 1410;
				LastUpgradeCheck = 1410;
				TargetAttributes = {
					15A4D6C8295972D60052E3AD = {
						CreatedOnToolsVersion = 14.1;
					};
					15A4D6DE295972D70052E3AD = {
						CreatedOnToolsVersion = 14.1;
						TestTargetID = 15A4D6C8295972D60052E3AD;
					};
					15A4D6E8295972D70052E3AD = {
						CreatedOnToolsVersion = 14.1;
						TestTargetID = 15A4D6C8295972D60052E3AD;
					};
				};
			};
			buildConfigurationList = 15A4D6C4295972D60052E3AD /* Build configuration list for PBXProject "AJ.GG" */;
			compatibilityVersion = "Xcode 14.0";
			developmentRegion = en;
			hasScannedForEncodings = 0;
			knownRegions = (
				en,
				Base,
			);
			mainGroup = 15A4D6C0295972D60052E3AD;
			packageReferences = (
				15A4D70D295980F20052E3AD /* XCRemoteSwiftPackageReference "Alamofire" */,
				1597B1DB297123E700A66486 /* XCRemoteSwiftPackageReference "Kingfisher" */,
			);
			productRefGroup = 15A4D6CA295972D60052E3AD /* Products */;
			projectDirPath = "";
			projectRoot = "";
			targets = (
				15A4D6C8295972D60052E3AD /* AJ.GG */,
				15A4D6DE295972D70052E3AD /* AJ.GGTests */,
				15A4D6E8295972D70052E3AD /* AJ.GGUITests */,
			);
		};
/* End PBXProject section */

/* Begin PBXResourcesBuildPhase section */
		15A4D6C7295972D60052E3AD /* Resources */ = {
			isa = PBXResourcesBuildPhase;
			buildActionMask = 2147483647;
			files = (
				15A4D6D4295972D70052E3AD /* Preview Assets.xcassets in Resources */,
				15A4D6D1295972D70052E3AD /* Assets.xcassets in Resources */,
				15298C98296C8FEF005FC900 /* champ.json in Resources */,
			);
			runOnlyForDeploymentPostprocessing = 0;
		};
		15A4D6DD295972D70052E3AD /* Resources */ = {
			isa = PBXResourcesBuildPhase;
			buildActionMask = 2147483647;
			files = (
			);
			runOnlyForDeploymentPostprocessing = 0;
		};
		15A4D6E7295972D70052E3AD /* Resources */ = {
			isa = PBXResourcesBuildPhase;
			buildActionMask = 2147483647;
			files = (
			);
			runOnlyForDeploymentPostprocessing = 0;
		};
/* End PBXResourcesBuildPhase section */

/* Begin PBXSourcesBuildPhase section */
		15A4D6C5295972D60052E3AD /* Sources */ = {
			isa = PBXSourcesBuildPhase;
			buildActionMask = 2147483647;
			files = (
				1585915F2962BF9900E888FC /* HomeViewModel.swift in Sources */,
				1535887A299201270063AE28 /* ChampionRecordViewModel.swift in Sources */,
				15ED7F2B298A220000E49B5F /* ChampionWinRateImage.swift in Sources */,
				152FBE71296D2C9600B082C7 /* PerksDTO.swift in Sources */,
				1597B1D82970FCE100A66486 /* RecordView.swift in Sources */,
				154BD09829A72B85003E1ECB /* CDSummonerManager.swift in Sources */,
				1535887F29921C3F0063AE28 /* ChampionWinRateImagesSection.swift in Sources */,
				157AAC7D299A46E0002B927A /* MatchData.swift in Sources */,
				156DA4FA2988E8EF00786730 /* SummonerProfiles.swift in Sources */,
				15E52E06298143D2004B4DBC /* Match.swift in Sources */,
				152FBE67296D2A5000B082C7 /* MetadataDTO.swift in Sources */,
				152FBE6D296D2B6B00B082C7 /* TeamDTO.swift in Sources */,
				15717279295D73930053BCC1 /* LeagueV4Service.swift in Sources */,
				15A4D6D6295972D70052E3AD /* PersistentContainer.swift in Sources */,
				15A4D7022959751E0052E3AD /* SummonerRegistrationView.swift in Sources */,
				152292E4298E55010070B023 /* DropDown.swift in Sources */,
				151CA69529813DB50095D8DC /* RecordCell.swift in Sources */,
				152FBE73296D2D9800B082C7 /* MatchDTO.swift in Sources */,
				1571727B295D73FB0053BCC1 /* LeagueEntryDTO .swift in Sources */,
				15A9ED65296EE0D10043A5B4 /* RoundedText.swift in Sources */,
				1526DD042980011E00340069 /* Copyable.swift in Sources */,
				15A4D712295981090052E3AD /* RiotAPI.swift in Sources */,
				152FBE6B296D2B0100B082C7 /* BanDTO.swift in Sources */,
				15A4D6CF295972D60052E3AD /* ContentView.swift in Sources */,
				1571727F295D78BE0053BCC1 /* Tier.swift in Sources */,
				151EAEA4296683BF00322ACE /* StringExtension.swift in Sources */,
				15C448512959899C0063223E /* SummonerDTO.swift in Sources */,
				15ED7F2D298A247600E49B5F /* Double + Extension.swift in Sources */,
				15298C9A296C9002005FC900 /* Champion.swift in Sources */,
				156DA4FC2988E9D600786730 /* Array + Extension.swift in Sources */,
				152FBE63296D255600B082C7 /* MatchV5Service.swift in Sources */,
				15C4485329598A4D0063223E /* ServerError.swift in Sources */,
				152FBE69296D2AB800B082C7 /* InfoDTO.swift in Sources */,
				1535887C299206770063AE28 /* ChampionRecordView.swift in Sources */,
				152FBE65296D275E00B082C7 /* ParticipantDTO.swift in Sources */,
				15E1685B298774EF00F91CAB /* RotatingCircle.swift in Sources */,
				1585915D2962BF8700E888FC /* ProfileView.swift in Sources */,
				15E9E18C2983922B008B614F /* PGVStack.swift in Sources */,
				15A4D704295975300052E3AD /* SummonerRegistrationViewModel.swift in Sources */,
				1534E75929AC904C007B1874 /* MyRecordStrategy.swift in Sources */,
				1571727D295D76130053BCC1 /* RiotAuthorization.swift in Sources */,
				1534E75E29AC9147007B1874 /* CounterRecordContext.swift in Sources */,
				152FBE6F296D2BA400B082C7 /* ObjectivesDTO.swift in Sources */,
				156DA4FE2988F3ED00786730 /* LaneImage.swift in Sources */,
				15A4D6D9295972D70052E3AD /* AJ_GG.xcdatamodeld in Sources */,
				151CA69329813AEB0095D8DC /* CircleChampionImage.swift in Sources */,
				1526DD082980024500340069 /* CDMatch + Extension.swift in Sources */,
				15F0FBCF2982660B00E5BAB2 /* DummyCretable.swift in Sources */,
				15A4D6CD295972D60052E3AD /* AJ_GGApp.swift in Sources */,
				15A4D7092959787B0052E3AD /* ViewExtension.swift in Sources */,
				1526DD062980016D00340069 /* CDSummoner + Extension.swift in Sources */,
				15717271295D666C0053BCC1 /* UserDefaultKey.swift in Sources */,
				156DA4F52988E35800786730 /* SummonerProfile.swift in Sources */,
				15E9E19129839B9C008B614F /* HiddenTitle.swift in Sources */,
				15A4D706295975640052E3AD /* CapsuleText.swift in Sources */,
				15961DE12990B25F00806655 /* ServiceAlertEnable.swift in Sources */,
				15A4D70C295980B70052E3AD /* SummonersService.swift in Sources */,
				156DA4F72988E82C00786730 /* BaseProfileIconImage.swift in Sources */,
				1534E75C29AC90C9007B1874 /* RivalCounterReordStrategy.swift in Sources */,
				151CA6912981379C0095D8DC /* BaseChamiponImage.swift in Sources */,
				1534E75729AC9027007B1874 /* RecordStrategy.swift in Sources */,
				152292E7298E55CC0070B023 /* ProfileHeader.swift in Sources */,
				156DA4F32988CEAA00786730 /* Summoner.swift in Sources */,
			);
			runOnlyForDeploymentPostprocessing = 0;
		};
		15A4D6DB295972D70052E3AD /* Sources */ = {
			isa = PBXSourcesBuildPhase;
			buildActionMask = 2147483647;
			files = (
				156133FC29B489E00016FCC5 /* HomeViewModel_Tests.swift in Sources */,
				151EAEA7296687DA00322ACE /* StringExntensionTests.swift in Sources */,
				15EFFAB129B8721800975D90 /* SummonerRegistrationViewModel_Tests.swift in Sources */,
				1573B56329B9816800A85B16 /* MatchV5ServiceEnabled_Tests.swift in Sources */,
				1573B56129B9797F00A85B16 /* LeagueV4ServiceEnabled_Tests.swift in Sources */,
				15717277295D70640053BCC1 /* SummonersServiceTests.swift in Sources */,
			);
			runOnlyForDeploymentPostprocessing = 0;
		};
		15A4D6E5295972D70052E3AD /* Sources */ = {
			isa = PBXSourcesBuildPhase;
			buildActionMask = 2147483647;
			files = (
				15D55C2729ADF165004CC334 /* SummonerRegistrationViewTests.swift in Sources */,
				1573B56529B9873A00A85B16 /* XCUIApplcation + Extensions.swift in Sources */,
				156133FA29B47DCB0016FCC5 /* HomeViewModel_UITests.swift in Sources */,
			);
			runOnlyForDeploymentPostprocessing = 0;
		};
/* End PBXSourcesBuildPhase section */

/* Begin PBXTargetDependency section */
		15A4D6E1295972D70052E3AD /* PBXTargetDependency */ = {
			isa = PBXTargetDependency;
			target = 15A4D6C8295972D60052E3AD /* AJ.GG */;
			targetProxy = 15A4D6E0295972D70052E3AD /* PBXContainerItemProxy */;
		};
		15A4D6EB295972D70052E3AD /* PBXTargetDependency */ = {
			isa = PBXTargetDependency;
			target = 15A4D6C8295972D60052E3AD /* AJ.GG */;
			targetProxy = 15A4D6EA295972D70052E3AD /* PBXContainerItemProxy */;
		};
/* End PBXTargetDependency section */

/* Begin XCBuildConfiguration section */
		15A4D6F1295972D70052E3AD /* Debug */ = {
			isa = XCBuildConfiguration;
			buildSettings = {
				ALWAYS_SEARCH_USER_PATHS = NO;
				CLANG_ANALYZER_NONNULL = YES;
				CLANG_ANALYZER_NUMBER_OBJECT_CONVERSION = YES_AGGRESSIVE;
				CLANG_CXX_LANGUAGE_STANDARD = "gnu++20";
				CLANG_ENABLE_MODULES = YES;
				CLANG_ENABLE_OBJC_ARC = YES;
				CLANG_ENABLE_OBJC_WEAK = YES;
				CLANG_WARN_BLOCK_CAPTURE_AUTORELEASING = YES;
				CLANG_WARN_BOOL_CONVERSION = YES;
				CLANG_WARN_COMMA = YES;
				CLANG_WARN_CONSTANT_CONVERSION = YES;
				CLANG_WARN_DEPRECATED_OBJC_IMPLEMENTATIONS = YES;
				CLANG_WARN_DIRECT_OBJC_ISA_USAGE = YES_ERROR;
				CLANG_WARN_DOCUMENTATION_COMMENTS = YES;
				CLANG_WARN_EMPTY_BODY = YES;
				CLANG_WARN_ENUM_CONVERSION = YES;
				CLANG_WARN_INFINITE_RECURSION = YES;
				CLANG_WARN_INT_CONVERSION = YES;
				CLANG_WARN_NON_LITERAL_NULL_CONVERSION = YES;
				CLANG_WARN_OBJC_IMPLICIT_RETAIN_SELF = YES;
				CLANG_WARN_OBJC_LITERAL_CONVERSION = YES;
				CLANG_WARN_OBJC_ROOT_CLASS = YES_ERROR;
				CLANG_WARN_QUOTED_INCLUDE_IN_FRAMEWORK_HEADER = YES;
				CLANG_WARN_RANGE_LOOP_ANALYSIS = YES;
				CLANG_WARN_STRICT_PROTOTYPES = YES;
				CLANG_WARN_SUSPICIOUS_MOVE = YES;
				CLANG_WARN_UNGUARDED_AVAILABILITY = YES_AGGRESSIVE;
				CLANG_WARN_UNREACHABLE_CODE = YES;
				CLANG_WARN__DUPLICATE_METHOD_MATCH = YES;
				COPY_PHASE_STRIP = NO;
				DEBUG_INFORMATION_FORMAT = dwarf;
				ENABLE_STRICT_OBJC_MSGSEND = YES;
				ENABLE_TESTABILITY = YES;
				GCC_C_LANGUAGE_STANDARD = gnu11;
				GCC_DYNAMIC_NO_PIC = NO;
				GCC_NO_COMMON_BLOCKS = YES;
				GCC_OPTIMIZATION_LEVEL = 0;
				GCC_PREPROCESSOR_DEFINITIONS = (
					"DEBUG=1",
					"$(inherited)",
				);
				GCC_WARN_64_TO_32_BIT_CONVERSION = YES;
				GCC_WARN_ABOUT_RETURN_TYPE = YES_ERROR;
				GCC_WARN_UNDECLARED_SELECTOR = YES;
				GCC_WARN_UNINITIALIZED_AUTOS = YES_AGGRESSIVE;
				GCC_WARN_UNUSED_FUNCTION = YES;
				GCC_WARN_UNUSED_VARIABLE = YES;
				IPHONEOS_DEPLOYMENT_TARGET = 16.1;
				MTL_ENABLE_DEBUG_INFO = INCLUDE_SOURCE;
				MTL_FAST_MATH = YES;
				ONLY_ACTIVE_ARCH = YES;
				SDKROOT = iphoneos;
				SWIFT_ACTIVE_COMPILATION_CONDITIONS = DEBUG;
				SWIFT_OPTIMIZATION_LEVEL = "-Onone";
			};
			name = Debug;
		};
		15A4D6F2295972D70052E3AD /* Release */ = {
			isa = XCBuildConfiguration;
			buildSettings = {
				ALWAYS_SEARCH_USER_PATHS = NO;
				CLANG_ANALYZER_NONNULL = YES;
				CLANG_ANALYZER_NUMBER_OBJECT_CONVERSION = YES_AGGRESSIVE;
				CLANG_CXX_LANGUAGE_STANDARD = "gnu++20";
				CLANG_ENABLE_MODULES = YES;
				CLANG_ENABLE_OBJC_ARC = YES;
				CLANG_ENABLE_OBJC_WEAK = YES;
				CLANG_WARN_BLOCK_CAPTURE_AUTORELEASING = YES;
				CLANG_WARN_BOOL_CONVERSION = YES;
				CLANG_WARN_COMMA = YES;
				CLANG_WARN_CONSTANT_CONVERSION = YES;
				CLANG_WARN_DEPRECATED_OBJC_IMPLEMENTATIONS = YES;
				CLANG_WARN_DIRECT_OBJC_ISA_USAGE = YES_ERROR;
				CLANG_WARN_DOCUMENTATION_COMMENTS = YES;
				CLANG_WARN_EMPTY_BODY = YES;
				CLANG_WARN_ENUM_CONVERSION = YES;
				CLANG_WARN_INFINITE_RECURSION = YES;
				CLANG_WARN_INT_CONVERSION = YES;
				CLANG_WARN_NON_LITERAL_NULL_CONVERSION = YES;
				CLANG_WARN_OBJC_IMPLICIT_RETAIN_SELF = YES;
				CLANG_WARN_OBJC_LITERAL_CONVERSION = YES;
				CLANG_WARN_OBJC_ROOT_CLASS = YES_ERROR;
				CLANG_WARN_QUOTED_INCLUDE_IN_FRAMEWORK_HEADER = YES;
				CLANG_WARN_RANGE_LOOP_ANALYSIS = YES;
				CLANG_WARN_STRICT_PROTOTYPES = YES;
				CLANG_WARN_SUSPICIOUS_MOVE = YES;
				CLANG_WARN_UNGUARDED_AVAILABILITY = YES_AGGRESSIVE;
				CLANG_WARN_UNREACHABLE_CODE = YES;
				CLANG_WARN__DUPLICATE_METHOD_MATCH = YES;
				COPY_PHASE_STRIP = NO;
				DEBUG_INFORMATION_FORMAT = "dwarf-with-dsym";
				ENABLE_NS_ASSERTIONS = NO;
				ENABLE_STRICT_OBJC_MSGSEND = YES;
				GCC_C_LANGUAGE_STANDARD = gnu11;
				GCC_NO_COMMON_BLOCKS = YES;
				GCC_WARN_64_TO_32_BIT_CONVERSION = YES;
				GCC_WARN_ABOUT_RETURN_TYPE = YES_ERROR;
				GCC_WARN_UNDECLARED_SELECTOR = YES;
				GCC_WARN_UNINITIALIZED_AUTOS = YES_AGGRESSIVE;
				GCC_WARN_UNUSED_FUNCTION = YES;
				GCC_WARN_UNUSED_VARIABLE = YES;
				IPHONEOS_DEPLOYMENT_TARGET = 16.1;
				MTL_ENABLE_DEBUG_INFO = NO;
				MTL_FAST_MATH = YES;
				SDKROOT = iphoneos;
				SWIFT_COMPILATION_MODE = wholemodule;
				SWIFT_OPTIMIZATION_LEVEL = "-O";
				VALIDATE_PRODUCT = YES;
			};
			name = Release;
		};
		15A4D6F4295972D70052E3AD /* Debug */ = {
			isa = XCBuildConfiguration;
			buildSettings = {
				ASSETCATALOG_COMPILER_APPICON_NAME = AppIcon;
				ASSETCATALOG_COMPILER_GLOBAL_ACCENT_COLOR_NAME = AccentColor;
				CODE_SIGN_STYLE = Automatic;
				CURRENT_PROJECT_VERSION = 1;
				DEVELOPMENT_ASSET_PATHS = "\"AJ.GG/Preview Content\"";
				DEVELOPMENT_TEAM = MAU8HFALP8;
				ENABLE_PREVIEWS = YES;
				GENERATE_INFOPLIST_FILE = YES;
				INFOPLIST_FILE = "AJ-GG-Info.plist";
				INFOPLIST_KEY_UIApplicationSceneManifest_Generation = YES;
				INFOPLIST_KEY_UIApplicationSupportsIndirectInputEvents = YES;
				INFOPLIST_KEY_UILaunchScreen_Generation = YES;
				INFOPLIST_KEY_UISupportedInterfaceOrientations_iPad = "UIInterfaceOrientationPortrait UIInterfaceOrientationPortraitUpsideDown UIInterfaceOrientationLandscapeLeft UIInterfaceOrientationLandscapeRight";
				INFOPLIST_KEY_UISupportedInterfaceOrientations_iPhone = "UIInterfaceOrientationPortrait UIInterfaceOrientationLandscapeLeft UIInterfaceOrientationLandscapeRight";
				LD_RUNPATH_SEARCH_PATHS = (
					"$(inherited)",
					"@executable_path/Frameworks",
				);
				MARKETING_VERSION = 1.0;
				PRODUCT_BUNDLE_IDENTIFIER = "com.page.AJ-GG";
				PRODUCT_NAME = "$(TARGET_NAME)";
				SWIFT_EMIT_LOC_STRINGS = YES;
				SWIFT_VERSION = 5.0;
				TARGETED_DEVICE_FAMILY = "1,2";
			};
			name = Debug;
		};
		15A4D6F5295972D70052E3AD /* Release */ = {
			isa = XCBuildConfiguration;
			buildSettings = {
				ASSETCATALOG_COMPILER_APPICON_NAME = AppIcon;
				ASSETCATALOG_COMPILER_GLOBAL_ACCENT_COLOR_NAME = AccentColor;
				CODE_SIGN_STYLE = Automatic;
				CURRENT_PROJECT_VERSION = 1;
				DEVELOPMENT_ASSET_PATHS = "\"AJ.GG/Preview Content\"";
				DEVELOPMENT_TEAM = MAU8HFALP8;
				ENABLE_PREVIEWS = YES;
				GENERATE_INFOPLIST_FILE = YES;
				INFOPLIST_FILE = "AJ-GG-Info.plist";
				INFOPLIST_KEY_UIApplicationSceneManifest_Generation = YES;
				INFOPLIST_KEY_UIApplicationSupportsIndirectInputEvents = YES;
				INFOPLIST_KEY_UILaunchScreen_Generation = YES;
				INFOPLIST_KEY_UISupportedInterfaceOrientations_iPad = "UIInterfaceOrientationPortrait UIInterfaceOrientationPortraitUpsideDown UIInterfaceOrientationLandscapeLeft UIInterfaceOrientationLandscapeRight";
				INFOPLIST_KEY_UISupportedInterfaceOrientations_iPhone = "UIInterfaceOrientationPortrait UIInterfaceOrientationLandscapeLeft UIInterfaceOrientationLandscapeRight";
				LD_RUNPATH_SEARCH_PATHS = (
					"$(inherited)",
					"@executable_path/Frameworks",
				);
				MARKETING_VERSION = 1.0;
				PRODUCT_BUNDLE_IDENTIFIER = "com.page.AJ-GG";
				PRODUCT_NAME = "$(TARGET_NAME)";
				SWIFT_EMIT_LOC_STRINGS = YES;
				SWIFT_VERSION = 5.0;
				TARGETED_DEVICE_FAMILY = "1,2";
			};
			name = Release;
		};
		15A4D6F7295972D70052E3AD /* Debug */ = {
			isa = XCBuildConfiguration;
			buildSettings = {
				ALWAYS_EMBED_SWIFT_STANDARD_LIBRARIES = YES;
				BUNDLE_LOADER = "$(TEST_HOST)";
				CODE_SIGN_STYLE = Automatic;
				CURRENT_PROJECT_VERSION = 1;
				DEVELOPMENT_TEAM = MAU8HFALP8;
				GENERATE_INFOPLIST_FILE = YES;
				IPHONEOS_DEPLOYMENT_TARGET = 16.1;
				MARKETING_VERSION = 1.0;
				PRODUCT_BUNDLE_IDENTIFIER = "com.page.AJ-GGTests";
				PRODUCT_NAME = "$(TARGET_NAME)";
				SWIFT_EMIT_LOC_STRINGS = NO;
				SWIFT_VERSION = 5.0;
				TARGETED_DEVICE_FAMILY = "1,2";
				TEST_HOST = "$(BUILT_PRODUCTS_DIR)/AJ.GG.app/$(BUNDLE_EXECUTABLE_FOLDER_PATH)/AJ.GG";
			};
			name = Debug;
		};
		15A4D6F8295972D70052E3AD /* Release */ = {
			isa = XCBuildConfiguration;
			buildSettings = {
				ALWAYS_EMBED_SWIFT_STANDARD_LIBRARIES = YES;
				BUNDLE_LOADER = "$(TEST_HOST)";
				CODE_SIGN_STYLE = Automatic;
				CURRENT_PROJECT_VERSION = 1;
				DEVELOPMENT_TEAM = MAU8HFALP8;
				GENERATE_INFOPLIST_FILE = YES;
				IPHONEOS_DEPLOYMENT_TARGET = 16.1;
				MARKETING_VERSION = 1.0;
				PRODUCT_BUNDLE_IDENTIFIER = "com.page.AJ-GGTests";
				PRODUCT_NAME = "$(TARGET_NAME)";
				SWIFT_EMIT_LOC_STRINGS = NO;
				SWIFT_VERSION = 5.0;
				TARGETED_DEVICE_FAMILY = "1,2";
				TEST_HOST = "$(BUILT_PRODUCTS_DIR)/AJ.GG.app/$(BUNDLE_EXECUTABLE_FOLDER_PATH)/AJ.GG";
			};
			name = Release;
		};
		15A4D6FA295972D70052E3AD /* Debug */ = {
			isa = XCBuildConfiguration;
			buildSettings = {
				ALWAYS_EMBED_SWIFT_STANDARD_LIBRARIES = YES;
				CODE_SIGN_STYLE = Automatic;
				CURRENT_PROJECT_VERSION = 1;
				DEVELOPMENT_TEAM = MAU8HFALP8;
				GENERATE_INFOPLIST_FILE = YES;
				MARKETING_VERSION = 1.0;
				PRODUCT_BUNDLE_IDENTIFIER = "com.page.AJ-GGUITests";
				PRODUCT_NAME = "$(TARGET_NAME)";
				SWIFT_EMIT_LOC_STRINGS = NO;
				SWIFT_VERSION = 5.0;
				TARGETED_DEVICE_FAMILY = "1,2";
				TEST_TARGET_NAME = AJ.GG;
			};
			name = Debug;
		};
		15A4D6FB295972D70052E3AD /* Release */ = {
			isa = XCBuildConfiguration;
			buildSettings = {
				ALWAYS_EMBED_SWIFT_STANDARD_LIBRARIES = YES;
				CODE_SIGN_STYLE = Automatic;
				CURRENT_PROJECT_VERSION = 1;
				DEVELOPMENT_TEAM = MAU8HFALP8;
				GENERATE_INFOPLIST_FILE = YES;
				MARKETING_VERSION = 1.0;
				PRODUCT_BUNDLE_IDENTIFIER = "com.page.AJ-GGUITests";
				PRODUCT_NAME = "$(TARGET_NAME)";
				SWIFT_EMIT_LOC_STRINGS = NO;
				SWIFT_VERSION = 5.0;
				TARGETED_DEVICE_FAMILY = "1,2";
				TEST_TARGET_NAME = AJ.GG;
			};
			name = Release;
		};
/* End XCBuildConfiguration section */

/* Begin XCConfigurationList section */
		15A4D6C4295972D60052E3AD /* Build configuration list for PBXProject "AJ.GG" */ = {
			isa = XCConfigurationList;
			buildConfigurations = (
				15A4D6F1295972D70052E3AD /* Debug */,
				15A4D6F2295972D70052E3AD /* Release */,
			);
			defaultConfigurationIsVisible = 0;
			defaultConfigurationName = Release;
		};
		15A4D6F3295972D70052E3AD /* Build configuration list for PBXNativeTarget "AJ.GG" */ = {
			isa = XCConfigurationList;
			buildConfigurations = (
				15A4D6F4295972D70052E3AD /* Debug */,
				15A4D6F5295972D70052E3AD /* Release */,
			);
			defaultConfigurationIsVisible = 0;
			defaultConfigurationName = Release;
		};
		15A4D6F6295972D70052E3AD /* Build configuration list for PBXNativeTarget "AJ.GGTests" */ = {
			isa = XCConfigurationList;
			buildConfigurations = (
				15A4D6F7295972D70052E3AD /* Debug */,
				15A4D6F8295972D70052E3AD /* Release */,
			);
			defaultConfigurationIsVisible = 0;
			defaultConfigurationName = Release;
		};
		15A4D6F9295972D70052E3AD /* Build configuration list for PBXNativeTarget "AJ.GGUITests" */ = {
			isa = XCConfigurationList;
			buildConfigurations = (
				15A4D6FA295972D70052E3AD /* Debug */,
				15A4D6FB295972D70052E3AD /* Release */,
			);
			defaultConfigurationIsVisible = 0;
			defaultConfigurationName = Release;
		};
/* End XCConfigurationList section */

/* Begin XCRemoteSwiftPackageReference section */
		1597B1DB297123E700A66486 /* XCRemoteSwiftPackageReference "Kingfisher" */ = {
			isa = XCRemoteSwiftPackageReference;
			repositoryURL = "https://github.com/onevcat/Kingfisher.git";
			requirement = {
				kind = upToNextMajorVersion;
				minimumVersion = 7.0.0;
			};
		};
		15A4D70D295980F20052E3AD /* XCRemoteSwiftPackageReference "Alamofire" */ = {
			isa = XCRemoteSwiftPackageReference;
			repositoryURL = "https://github.com/Alamofire/Alamofire.git";
			requirement = {
				kind = upToNextMajorVersion;
				minimumVersion = 5.0.0;
			};
		};
/* End XCRemoteSwiftPackageReference section */

/* Begin XCSwiftPackageProductDependency section */
		1597B1DC297123E700A66486 /* Kingfisher */ = {
			isa = XCSwiftPackageProductDependency;
			package = 1597B1DB297123E700A66486 /* XCRemoteSwiftPackageReference "Kingfisher" */;
			productName = Kingfisher;
		};
		15A4D70E295980F20052E3AD /* Alamofire */ = {
			isa = XCSwiftPackageProductDependency;
			package = 15A4D70D295980F20052E3AD /* XCRemoteSwiftPackageReference "Alamofire" */;
			productName = Alamofire;
		};
/* End XCSwiftPackageProductDependency section */

/* Begin XCVersionGroup section */
		15A4D6D7295972D70052E3AD /* AJ_GG.xcdatamodeld */ = {
			isa = XCVersionGroup;
			children = (
				15A4D6D8295972D70052E3AD /* AJ_GG.xcdatamodel */,
			);
			currentVersion = 15A4D6D8295972D70052E3AD /* AJ_GG.xcdatamodel */;
			path = AJ_GG.xcdatamodeld;
			sourceTree = "<group>";
			versionGroupType = wrapper.xcdatamodel;
		};
/* End XCVersionGroup section */
	};
	rootObject = 15A4D6C1295972D60052E3AD /* Project object */;
}
